<?xml version="1.0" encoding="utf-8"?>
<Project ToolsVersion="4.0" xmlns="http://schemas.microsoft.com/developer/msbuild/2003">
  <ItemGroup>
    <Filter Include="Source Files">
      <UniqueIdentifier>{4FC737F1-C7A5-4376-A066-2A32D752A2FF}</UniqueIdentifier>
      <Extensions>cpp;c;cc;cxx;def;odl;idl;hpj;bat;asm;asmx</Extensions>
    </Filter>
    <Filter Include="Header Files">
      <UniqueIdentifier>{93995380-89BD-4b04-88EB-625FBE52EBFB}</UniqueIdentifier>
      <Extensions>h;hh;hpp;hxx;hm;inl;inc;xsd</Extensions>
    </Filter>
    <Filter Include="Resource Files">
      <UniqueIdentifier>{67DA6AB6-F800-4c08-8B7A-83BB121AAD01}</UniqueIdentifier>
      <Extensions>rc;ico;cur;bmp;dlg;rc2;rct;bin;rgs;gif;jpg;jpeg;jpe;resx;tiff;tif;png;wav;mfcribbon-ms</Extensions>
    </Filter>
    <Filter Include="Images">
      <UniqueIdentifier>{cc8d750e-8a1d-4177-b8cb-1a25492e404e}</UniqueIdentifier>
    </Filter>
    <Filter Include="Source Files\INC">
      <UniqueIdentifier>{66d86ec8-3533-4311-b86b-e8c0b86aaa32}</UniqueIdentifier>
    </Filter>
  </ItemGroup>
  <ItemGroup>
    <None Include="config.inc">
      <Filter>Source Files\INC</Filter>
    </None>
    <None Include="ExternalProcs.inc">
      <Filter>Source Files\INC</Filter>
    </None>
  </ItemGroup>
  <ItemGroup>
    <MASM Include="main.asm">
      <Filter>Source Files</Filter>
    </MASM>
    <MASM Include="ExternalProcs.asm">
      <Filter>Source Files</Filter>
    </MASM>
  </ItemGroup>
  <ItemGroup>
    <ResourceCompile Include="Resource\Resource.rc">
      <Filter>Resource Files</Filter>
    </ResourceCompile>
  </ItemGroup>
  <ItemGroup>
    <Image Include="Resource\main.ico">
      <Filter>Images</Filter>
    </Image>
    <Image Include="Resource\piano.bmp">
      <Filter>Images</Filter>
    </Image>
  </ItemGroup>
  <ItemGroup>
    <ClInclude Include="Resource\Res.h">
      <Filter>Resource Files</Filter>
    </ClInclude>
  </ItemGroup>
</Project>